<?xml version="1.0" encoding="utf-8"?>
<Project ToolsVersion="4.0" xmlns="http://schemas.microsoft.com/developer/msbuild/2003">
  <ItemGroup>
    <Filter Include="Precompiled">
      <UniqueIdentifier>{ccd66182-22c2-46ad-b0cb-1c078c9a3e92}</UniqueIdentifier>
    </Filter>
    <Filter Include="Containers">
      <UniqueIdentifier>{17756ca4-e033-4ae9-b032-295f243162e3}</UniqueIdentifier>
    </Filter>
    <Filter Include="Math">
      <UniqueIdentifier>{cb8a1513-b97d-413c-8874-a2a1e87922d9}</UniqueIdentifier>
    </Filter>
    <Filter Include="Function">
      <UniqueIdentifier>{dba9aab8-820b-4cc8-b894-b450893eeafd}</UniqueIdentifier>
    </Filter>
    <Filter Include="Time">
      <UniqueIdentifier>{c948936d-5bb3-4a06-a4a1-2935e08c50e8}</UniqueIdentifier>
    </Filter>
    <Filter Include="Debug">
      <UniqueIdentifier>{98d5bf30-591e-41ff-a591-637a44ad15d3}</UniqueIdentifier>
    </Filter>
    <Filter Include="Input">
      <UniqueIdentifier>{b2d90fd9-ba96-4f8a-923e-88817eebe371}</UniqueIdentifier>
    </Filter>
    <Filter Include="Utilities">
      <UniqueIdentifier>{4631f48e-c5c1-4e6b-90d8-6b6ef15f280d}</UniqueIdentifier>
    </Filter>
    <Filter Include="Memory">
      <UniqueIdentifier>{7322a322-f9d2-4af7-9ceb-9047e2ab9c1d}</UniqueIdentifier>
    </Filter>
    <Filter Include="Thread">
      <UniqueIdentifier>{f9d0df1e-762b-4e17-83de-5dfe2c843350}</UniqueIdentifier>
    </Filter>
    <Filter Include="Serialization">
      <UniqueIdentifier>{a5c00ca7-88f2-4cc0-b566-f18218919934}</UniqueIdentifier>
    </Filter>
    <Filter Include="Memory\MemoryPool">
      <UniqueIdentifier>{0f729117-fcf5-4f46-a6e8-e394892ab6a5}</UniqueIdentifier>
    </Filter>
    <Filter Include="Input\DirectInput">
      <UniqueIdentifier>{6bd4bb43-88b9-434a-890a-95d72944d0ad}</UniqueIdentifier>
    </Filter>
    <Filter Include="Input\XInput">
      <UniqueIdentifier>{460bd1b0-82bf-4b72-beeb-e40309a4050d}</UniqueIdentifier>
    </Filter>
    <Filter Include="Utilities\Common">
      <UniqueIdentifier>{38621218-3a74-4c3e-bdd0-4b58548ba3d3}</UniqueIdentifier>
    </Filter>
  </ItemGroup>
  <ItemGroup>
    <ClInclude Include="targetver.h">
      <Filter>Precompiled</Filter>
    </ClInclude>
    <ClInclude Include="stdafx.h">
      <Filter>Precompiled</Filter>
    </ClInclude>
    <ClInclude Include="Function.h">
      <Filter>Function</Filter>
    </ClInclude>
    <ClInclude Include="GrowingArray.h">
      <Filter>Containers</Filter>
    </ClInclude>
    <ClInclude Include="StaticArray.h">
      <Filter>Containers</Filter>
    </ClInclude>
    <ClInclude Include="VectorOnStack.h">
      <Filter>Containers</Filter>
    </ClInclude>
    <ClInclude Include="Time.h">
      <Filter>Time</Filter>
    </ClInclude>
    <ClInclude Include="vector2.h">
      <Filter>Math</Filter>
    </ClInclude>
    <ClInclude Include="vector3.h">
      <Filter>Math</Filter>
    </ClInclude>
    <ClInclude Include="vector4.h">
      <Filter>Math</Filter>
    </ClInclude>
    <ClInclude Include="DL_Assert.h">
      <Filter>Debug</Filter>
    </ClInclude>
    <ClInclude Include="DL_Debug.h">
      <Filter>Debug</Filter>
    </ClInclude>
    <ClInclude Include="StringHelper.h">
      <Filter>Utilities</Filter>
    </ClInclude>
    <ClInclude Include="Queue.h">
      <Filter>Containers</Filter>
    </ClInclude>
    <ClInclude Include="QuickSort.h">
      <Filter>Containers</Filter>
    </ClInclude>
    <ClInclude Include="ReverseGrowingArray.h">
      <Filter>Containers</Filter>
    </ClInclude>
    <ClInclude Include="StaticTypeTraits.h">
      <Filter>Utilities</Filter>
    </ClInclude>
    <ClInclude Include="CommandLineParser.h">
      <Filter>Utilities</Filter>
    </ClInclude>
    <ClInclude Include="AlarmClock.h">
      <Filter>Time</Filter>
    </ClInclude>
    <ClInclude Include="StopWatch.h">
      <Filter>Time</Filter>
    </ClInclude>
    <ClInclude Include="ThreadNamer.h">
      <Filter>Thread</Filter>
    </ClInclude>
    <ClInclude Include="picojson.h">
      <Filter>Serialization</Filter>
    </ClInclude>
    <ClInclude Include="tinyxml2.h">
      <Filter>Serialization</Filter>
    </ClInclude>
    <ClInclude Include="MemoryManagedObject.h">
      <Filter>Memory</Filter>
    </ClInclude>
    <ClInclude Include="SmartPointer.h">
      <Filter>Memory</Filter>
    </ClInclude>
    <ClInclude Include="DynamicMemoryPool.h">
      <Filter>Memory\MemoryPool</Filter>
    </ClInclude>
    <ClInclude Include="StaticMemoryPool.h">
      <Filter>Memory\MemoryPool</Filter>
    </ClInclude>
    <ClInclude Include="MemoryLeekLogger.h">
      <Filter>Debug</Filter>
    </ClInclude>
    <ClInclude Include="DInputWrapper.h">
      <Filter>Input\DirectInput</Filter>
    </ClInclude>
    <ClInclude Include="XInputWrapper.h">
      <Filter>Input\XInput</Filter>
    </ClInclude>
    <ClInclude Include="JsonValue.h">
      <Filter>Serialization</Filter>
    </ClInclude>
    <ClInclude Include="matrix33.h">
      <Filter>Math</Filter>
    </ClInclude>
    <ClInclude Include="matrix44.h">
      <Filter>Math</Filter>
    </ClInclude>
    <ClInclude Include="InvertMatrix.h">
      <Filter>Math</Filter>
    </ClInclude>
    <ClInclude Include="CommonCommonUtilities.h">
      <Filter>Utilities\Common</Filter>
    </ClInclude>
    <ClInclude Include="CommonMacros.h">
      <Filter>Utilities\Common</Filter>
    </ClInclude>
    <ClInclude Include="CommonSTL.h">
      <Filter>Utilities\Common</Filter>
    </ClInclude>
    <ClInclude Include="MemberFunction.h">
      <Filter>Function</Filter>
    </ClInclude>
    <ClInclude Include="Binder.h">
      <Filter>Function</Filter>
    </ClInclude>
    <ClInclude Include="Random.h">
      <Filter>Utilities</Filter>
    </ClInclude>
    <ClInclude Include="Synchronizer.h">
      <Filter>Thread</Filter>
    </ClInclude>
    <ClInclude Include="Pointer.h">
      <Filter>Utilities</Filter>
    </ClInclude>
    <ClInclude Include="ConstexprString.h">
      <Filter>Utilities</Filter>
    </ClInclude>
    <ClInclude Include="TaskPool.h">
      <Filter>Thread</Filter>
    </ClInclude>
  </ItemGroup>
  <ItemGroup>
    <ClCompile Include="stdafx.cpp">
      <Filter>Precompiled</Filter>
    </ClCompile>
    <ClCompile Include="Time.cpp">
      <Filter>Time</Filter>
    </ClCompile>
    <ClCompile Include="DL_Debug.cpp">
      <Filter>Debug</Filter>
    </ClCompile>
    <ClCompile Include="StringHelper.cpp">
      <Filter>Utilities</Filter>
    </ClCompile>
    <ClCompile Include="CommandLineParser.cpp">
      <Filter>Utilities</Filter>
    </ClCompile>
    <ClCompile Include="AlarmClock.cpp">
      <Filter>Time</Filter>
    </ClCompile>
    <ClCompile Include="StopWatch.cpp">
      <Filter>Time</Filter>
    </ClCompile>
    <ClCompile Include="ThreadNamer.cpp">
      <Filter>Thread</Filter>
    </ClCompile>
    <ClCompile Include="tinyxml2.cpp">
      <Filter>Serialization</Filter>
    </ClCompile>
    <ClCompile Include="MemoryManagedObject.cpp">
      <Filter>Memory</Filter>
    </ClCompile>
    <ClCompile Include="MemoryLeekLogger.cpp">
      <Filter>Debug</Filter>
    </ClCompile>
    <ClCompile Include="DInputWrapper.cpp">
      <Filter>Input\DirectInput</Filter>
    </ClCompile>
    <ClCompile Include="XInputWrapper.cpp">
      <Filter>Input\XInput</Filter>
    </ClCompile>
    <ClCompile Include="JsonValue.cpp">
      <Filter>Serialization</Filter>
    </ClCompile>
    <ClCompile Include="InvertMatrix.cpp">
      <Filter>Math</Filter>
    </ClCompile>
    <ClCompile Include="Random.cpp">
      <Filter>Utilities</Filter>
    </ClCompile>
    <ClCompile Include="TaskPool.cpp">
      <Filter>Thread</Filter>
    </ClCompile>
  </ItemGroup>
</Project>