<?xml version="1.0" encoding="utf-8"?>
<Project ToolsVersion="4.0" xmlns="http://schemas.microsoft.com/developer/msbuild/2003">
  <ItemGroup>
    <Filter Include="Precompiled">
      <UniqueIdentifier>{eb3a4c59-d659-41fc-9f79-9440f0f90ab9}</UniqueIdentifier>
    </Filter>
    <Filter Include="Window">
      <UniqueIdentifier>{d41a063b-ec8f-435b-8240-a800d36c2ce0}</UniqueIdentifier>
    </Filter>
    <Filter Include="GraphicsFramework">
      <UniqueIdentifier>{3e449255-1c3a-46ca-92a1-4f32e6789677}</UniqueIdentifier>
    </Filter>
    <Filter Include="GraphicsFramework\OpenGL">
      <UniqueIdentifier>{ee89a83d-1de2-4f62-933a-9777b54c147b}</UniqueIdentifier>
    </Filter>
    <Filter Include="GraphicsFramework\OpenGL\GLHelpers">
      <UniqueIdentifier>{2e0e3019-1d3b-43ba-815e-72ffa5e0a3df}</UniqueIdentifier>
    </Filter>
    <Filter Include="GraphicsFramework\OpenGL\Glew">
      <UniqueIdentifier>{ff1d4821-7f62-4567-aed5-2587a17a61e1}</UniqueIdentifier>
    </Filter>
    <Filter Include="Effect">
      <UniqueIdentifier>{653ba310-69a4-4108-bc34-94c6eb665526}</UniqueIdentifier>
    </Filter>
    <Filter Include="Effect\EffectManager">
      <UniqueIdentifier>{611a2f7a-f854-477e-a7a6-a12391c509c9}</UniqueIdentifier>
    </Filter>
    <Filter Include="Effect\ShaderCompiler">
      <UniqueIdentifier>{dd5930ae-95bf-4bb2-8169-f0a121c9a5d9}</UniqueIdentifier>
    </Filter>
    <Filter Include="RenderObject">
      <UniqueIdentifier>{6094a068-c7a4-4782-8edb-fddc56b102b7}</UniqueIdentifier>
    </Filter>
  </ItemGroup>
  <ItemGroup>
    <ClInclude Include="targetver.h">
      <Filter>Precompiled</Filter>
    </ClInclude>
    <ClInclude Include="stdafx.h">
      <Filter>Precompiled</Filter>
    </ClInclude>
    <ClInclude Include="IOSWindow.h">
      <Filter>Window</Filter>
    </ClInclude>
    <ClInclude Include="WindowsWindow.h">
      <Filter>Window</Filter>
    </ClInclude>
    <ClInclude Include="IGraphicsFramework.h">
      <Filter>GraphicsFramework</Filter>
    </ClInclude>
    <ClInclude Include="Engine.h" />
    <ClInclude Include="glext.h">
      <Filter>GraphicsFramework\OpenGL</Filter>
    </ClInclude>
    <ClInclude Include="wglext.h">
      <Filter>GraphicsFramework\OpenGL</Filter>
    </ClInclude>
    <ClInclude Include="OpenGLFramework.h">
      <Filter>GraphicsFramework\OpenGL</Filter>
    </ClInclude>
    <ClInclude Include="glew\wglew.h">
      <Filter>GraphicsFramework\OpenGL\Glew</Filter>
    </ClInclude>
    <ClInclude Include="glew\glew.h">
      <Filter>GraphicsFramework\OpenGL\Glew</Filter>
    </ClInclude>
    <ClInclude Include="glew\glxew.h">
      <Filter>GraphicsFramework\OpenGL\Glew</Filter>
    </ClInclude>
    <ClInclude Include="glew\eglew.h">
      <Filter>GraphicsFramework\OpenGL\Glew</Filter>
    </ClInclude>
    <ClInclude Include="IEffect.h">
      <Filter>Effect</Filter>
    </ClInclude>
    <ClInclude Include="GLEffect.h">
      <Filter>Effect</Filter>
    </ClInclude>
    <ClInclude Include="WindowFactory.h">
      <Filter>Window</Filter>
    </ClInclude>
    <ClInclude Include="OpenGLExtensions.h">
      <Filter>GraphicsFramework\OpenGL</Filter>
    </ClInclude>
    <ClInclude Include="RenderObject.h">
      <Filter>RenderObject</Filter>
    </ClInclude>
    <ClInclude Include="GLRenderObject.h">
      <Filter>RenderObject</Filter>
    </ClInclude>
    <ClInclude Include="EInputLayout.h">
      <Filter>Effect</Filter>
    </ClInclude>
  </ItemGroup>
  <ItemGroup>
    <ClCompile Include="stdafx.cpp">
      <Filter>Precompiled</Filter>
    </ClCompile>
    <ClCompile Include="IOSWindow.cpp">
      <Filter>Window</Filter>
    </ClCompile>
    <ClCompile Include="WindowsWindow.cpp">
      <Filter>Window</Filter>
    </ClCompile>
    <ClCompile Include="IGraphicsFramework.cpp">
      <Filter>GraphicsFramework</Filter>
    </ClCompile>
    <ClCompile Include="Engine.cpp" />
    <ClCompile Include="OpenGLFramework.cpp">
      <Filter>GraphicsFramework\OpenGL</Filter>
    </ClCompile>
    <ClCompile Include="LoadExtensions.cpp">
      <Filter>GraphicsFramework\OpenGL\GLHelpers</Filter>
    </ClCompile>
    <ClCompile Include="GLEffect.cpp">
      <Filter>Effect</Filter>
    </ClCompile>
    <ClCompile Include="IEffect.cpp">
      <Filter>Effect</Filter>
    </ClCompile>
    <ClCompile Include="WindowFactory.cpp">
      <Filter>Window</Filter>
    </ClCompile>
    <ClCompile Include="GLRenderObject.cpp">
      <Filter>RenderObject</Filter>
    </ClCompile>
    <ClCompile Include="RenderObject.cpp">
      <Filter>RenderObject</Filter>
    </ClCompile>
  </ItemGroup>
</Project>